
Microsoft Visual Studio Solution File, Format Version 12.00
# Visual Studio Version 16
VisualStudioVersion = 16.0.31515.178
MinimumVisualStudioVersion = 10.0.40219.1
Project("{9A19103F-16F7-4668-BE54-9A1E7A4F7556}") = "Infrastructure", "Infrastructure\Infrastructure.csproj", "{5534524A-0E22-49DB-BC42-23270270C638}"
EndProject
Project("{9A19103F-16F7-4668-BE54-9A1E7A4F7556}") = "Domain", "Domain\Domain.csproj", "{5915D41C-6E36-4A7B-899E-4C78604B78EE}"
EndProject
Project("{9A19103F-16F7-4668-BE54-9A1E7A4F7556}") = "WebAPI", "WebAPI\WebAPI.csproj", "{9E1260A8-4A4C-4E2B-BF67-C2FB79819A51}"
EndProject
Project("{9A19103F-16F7-4668-BE54-9A1E7A4F7556}") = "WebApplication", "WebApplication\WebApplication.csproj", "{CDC8EE9A-31FA-47BC-B51F-B9AF38952BC2}"
EndProject
Global
	GlobalSection(SolutionConfigurationPlatforms) = preSolution
		Debug|Any CPU = Debug|Any CPU
		Release|Any CPU = Release|Any CPU
	EndGlobalSection
	GlobalSection(ProjectConfigurationPlatforms) = postSolution
		{5534524A-0E22-49DB-BC42-23270270C638}.Debug|Any CPU.ActiveCfg = Debug|Any CPU
		{5534524A-0E22-49DB-BC42-23270270C638}.Debug|Any CPU.Build.0 = Debug|Any CPU
		{5534524A-0E22-49DB-BC42-23270270C638}.Release|Any CPU.ActiveCfg = Release|Any CPU
		{5534524A-0E22-49DB-BC42-23270270C638}.Release|Any CPU.Build.0 = Release|Any CPU
		{5915D41C-6E36-4A7B-899E-4C78604B78EE}.Debug|Any CPU.ActiveCfg = Debug|Any CPU
		{5915D41C-6E36-4A7B-899E-4C78604B78EE}.Debug|Any CPU.Build.0 = Debug|Any CPU
		{5915D41C-6E36-4A7B-899E-4C78604B78EE}.Release|Any CPU.ActiveCfg = Release|Any CPU
		{5915D41C-6E36-4A7B-899E-4C78604B78EE}.Release|Any CPU.Build.0 = Release|Any CPU
		{9E1260A8-4A4C-4E2B-BF67-C2FB79819A51}.Debug|Any CPU.ActiveCfg = Debug|Any CPU
		{9E1260A8-4A4C-4E2B-BF67-C2FB79819A51}.Debug|Any CPU.Build.0 = Debug|Any CPU
		{9E1260A8-4A4C-4E2B-BF67-C2FB79819A51}.Release|Any CPU.ActiveCfg = Release|Any CPU
		{9E1260A8-4A4C-4E2B-BF67-C2FB79819A51}.Release|Any CPU.Build.0 = Release|Any CPU
		{CDC8EE9A-31FA-47BC-B51F-B9AF38952BC2}.Debug|Any CPU.ActiveCfg = Debug|Any CPU
		{CDC8EE9A-31FA-47BC-B51F-B9AF38952BC2}.Debug|Any CPU.Build.0 = Debug|Any CPU
		{CDC8EE9A-31FA-47BC-B51F-B9AF38952BC2}.Release|Any CPU.ActiveCfg = Release|Any CPU
		{CDC8EE9A-31FA-47BC-B51F-B9AF38952BC2}.Release|Any CPU.Build.0 = Release|Any CPU
	EndGlobalSection
	GlobalSection(SolutionProperties) = preSolution
		HideSolutionNode = FALSE
	EndGlobalSection
	GlobalSection(ExtensibilityGlobals) = postSolution
		SolutionGuid = {ECF2ED71-8A35-429A-B1A7-2807744DD06B}
	EndGlobalSection
	GlobalSection(TeamFoundationVersionControl) = preSolution
		SccNumberOfProjects = 5
		SccEnterpriseProvider = {4CA58AB2-18FA-4F8D-95D4-32DDF27D184C}
		SccTeamFoundationServer = https://dev.azure.com/abbasihassan434
		SccLocalPath0 = .
		SccProjectUniqueName1 = Domain\\Domain.csproj
		SccProjectName1 = Domain
		SccLocalPath1 = Domain
		SccProjectUniqueName2 = Infrastructure\\Infrastructure.csproj
		SccProjectName2 = Infrastructure
		SccLocalPath2 = Infrastructure
		SccProjectUniqueName3 = WebAPI\\WebAPI.csproj
		SccProjectName3 = WebAPI
		SccLocalPath3 = WebAPI
		SccProjectUniqueName4 = WebApplication\\WebApplication.csproj
		SccProjectName4 = WebApplication
		SccLocalPath4 = WebApplication
	EndGlobalSection
EndGlobal
